
Microsoft Visual Studio Solution File, Format Version 12.00
# Visual Studio Version 17
VisualStudioVersion = 17.11.35327.3
MinimumVisualStudioVersion = 10.0.40219.1
Project("{8BC9CEB8-8B4A-11D0-8D11-00A0C91BC942}") = "LB12.3A", "LB12.3A\LB12.3A.vcxproj", "{08E91A27-909D-4904-871C-FC55472FA90F}"
EndProject
Project("{8BC9CEB8-8B4A-11D0-8D11-00A0C91BC942}") = "UnitTest1", "UnitTest1\UnitTest1.vcxproj", "{4D0D3EC6-5391-433F-9F2A-F46AE6758341}"
EndProject
Global
	GlobalSection(SolutionConfigurationPlatforms) = preSolution
		Debug|x64 = Debug|x64
		Debug|x86 = Debug|x86
		Release|x64 = Release|x64
		Release|x86 = Release|x86
	EndGlobalSection
	GlobalSection(ProjectConfigurationPlatforms) = postSolution
		{08E91A27-909D-4904-871C-FC55472FA90F}.Debug|x64.ActiveCfg = Debug|x64
		{08E91A27-909D-4904-871C-FC55472FA90F}.Debug|x64.Build.0 = Debug|x64
		{08E91A27-909D-4904-871C-FC55472FA90F}.Debug|x86.ActiveCfg = Debug|Win32
		{08E91A27-909D-4904-871C-FC55472FA90F}.Debug|x86.Build.0 = Debug|Win32
		{08E91A27-909D-4904-871C-FC55472FA90F}.Release|x64.ActiveCfg = Release|x64
		{08E91A27-909D-4904-871C-FC55472FA90F}.Release|x64.Build.0 = Release|x64
		{08E91A27-909D-4904-871C-FC55472FA90F}.Release|x86.ActiveCfg = Release|Win32
		{08E91A27-909D-4904-871C-FC55472FA90F}.Release|x86.Build.0 = Release|Win32
		{4D0D3EC6-5391-433F-9F2A-F46AE6758341}.Debug|x64.ActiveCfg = Debug|x64
		{4D0D3EC6-5391-433F-9F2A-F46AE6758341}.Debug|x64.Build.0 = Debug|x64
		{4D0D3EC6-5391-433F-9F2A-F46AE6758341}.Debug|x86.ActiveCfg = Debug|Win32
		{4D0D3EC6-5391-433F-9F2A-F46AE6758341}.Debug|x86.Build.0 = Debug|Win32
		{4D0D3EC6-5391-433F-9F2A-F46AE6758341}.Release|x64.ActiveCfg = Release|x64
		{4D0D3EC6-5391-433F-9F2A-F46AE6758341}.Release|x64.Build.0 = Release|x64
		{4D0D3EC6-5391-433F-9F2A-F46AE6758341}.Release|x86.ActiveCfg = Release|Win32
		{4D0D3EC6-5391-433F-9F2A-F46AE6758341}.Release|x86.Build.0 = Release|Win32
	EndGlobalSection
	GlobalSection(SolutionProperties) = preSolution
		HideSolutionNode = FALSE
	EndGlobalSection
	GlobalSection(ExtensibilityGlobals) = postSolution
		SolutionGuid = {B7546653-F8FE-4795-BCA2-804F03A58518}
	EndGlobalSection
EndGlobal
